
Microsoft Visual Studio Solution File, Format Version 12.00
# Visual Studio Version 16
VisualStudioVersion = 16.0.31702.278
MinimumVisualStudioVersion = 10.0.40219.1
Project("{FAE04EC0-301F-11D3-BF4B-00C04F79EFBC}") = "Profile Creator", "Profile Creator\Profile Creator.csproj", "{120B79F6-B18C-4BDC-A4D3-7BE67FE9EBD2}"
EndProject
Global
	GlobalSection(SolutionConfigurationPlatforms) = preSolution
		Debug|Any CPU = Debug|Any CPU
		Release|Any CPU = Release|Any CPU
	EndGlobalSection
	GlobalSection(ProjectConfigurationPlatforms) = postSolution
		{120B79F6-B18C-4BDC-A4D3-7BE67FE9EBD2}.Debug|Any CPU.ActiveCfg = Debug|Any CPU
		{120B79F6-B18C-4BDC-A4D3-7BE67FE9EBD2}.Debug|Any CPU.Build.0 = Debug|Any CPU
		{120B79F6-B18C-4BDC-A4D3-7BE67FE9EBD2}.Release|Any CPU.ActiveCfg = Release|Any CPU
		{120B79F6-B18C-4BDC-A4D3-7BE67FE9EBD2}.Release|Any CPU.Build.0 = Release|Any CPU
	EndGlobalSection
	GlobalSection(SolutionProperties) = preSolution
		HideSolutionNode = FALSE
	EndGlobalSection
	GlobalSection(ExtensibilityGlobals) = postSolution
		SolutionGuid = {9A1DCEAD-B1FB-48D2-9A4B-457B8333637C}
	EndGlobalSection
EndGlobal
